
Microsoft Visual Studio Solution File, Format Version 12.00
# Visual Studio Version 16
VisualStudioVersion = 16.0.33927.289
MinimumVisualStudioVersion = 10.0.40219.1
Project("{8BC9CEB8-8B4A-11D0-8D11-00A0C91BC942}") = "MereEngine", "MereEngine.vcxproj", "{87D76582-BFFC-4C95-8579-FC2C65A21D9E}"
EndProject
Global
	GlobalSection(SolutionConfigurationPlatforms) = preSolution
		Debug|x64 = Debug|x64
		Release|x64 = Release|x64
	EndGlobalSection
	GlobalSection(ProjectConfigurationPlatforms) = postSolution
		{87D76582-BFFC-4C95-8579-FC2C65A21D9E}.Debug|x64.ActiveCfg = Debug|x64
		{87D76582-BFFC-4C95-8579-FC2C65A21D9E}.Debug|x64.Build.0 = Debug|x64
		{87D76582-BFFC-4C95-8579-FC2C65A21D9E}.Release|x64.ActiveCfg = Release|x64
		{87D76582-BFFC-4C95-8579-FC2C65A21D9E}.Release|x64.Build.0 = Release|x64
	EndGlobalSection
	GlobalSection(SolutionProperties) = preSolution
		HideSolutionNode = FALSE
	EndGlobalSection
	GlobalSection(ExtensibilityGlobals) = postSolution
		SolutionGuid = {9BCE9751-48F8-475C-A98D-AF637A074EBC}
	EndGlobalSection
EndGlobal
