<?xml version="1.0" encoding="UTF-8" standalone="yes" ?>
<CodeBlocks_project_file>
	<FileVersion major="1" minor="6" />
	<Project>
		<Option title="MereEngine" />
		<Option platforms="Unix;" />
		<Option pch_mode="2" />
		<Option compiler="gcc" />
		<Build>
			<Target title="Debug">
				<Option output="bin/Debug/Demo" prefix_auto="1" extension_auto="1" />
				<Option object_output="obj/Debug/" />
				<Option type="0" />
				<Option compiler="gcc" />
				<Compiler>
					<Add option="-g" />
					<Add directory="/home/kane/MereEngine/include" />
					<Add directory="/home/kane/MereEngine/include/Models/tinyobjloader" />
				</Compiler>
				<Linker>
					<Add option="`sdl-config --static-libs` -lGL -lGLU -lSOIL -lSDL_ttf" />
				</Linker>
			</Target>
			<Target title="Release">
				<Option output="Linux/bin/Release/Demo" prefix_auto="1" extension_auto="1" />
				<Option object_output="Linux/obj/Release/" />
				<Option type="0" />
				<Option compiler="gcc" />
				<Compiler>
					<Add option="-O2" />
				</Compiler>
				<Linker>
					<Add option="-s" />
				</Linker>
			</Target>
		</Build>
		<Compiler>
			<Add option="-Wall" />
		</Compiler>
		<Unit filename="include/GameObjects/Billboard.h" />
		<Unit filename="include/GameObjects/Bullet.h" />
		<Unit filename="include/GameObjects/Camera.h" />
		<Unit filename="include/GameObjects/Character.h" />
		<Unit filename="include/GameObjects/GameObject.h" />
		<Unit filename="include/GameObjects/Particle.h" />
		<Unit filename="include/GameObjects/ParticleSource.h" />
		<Unit filename="include/GameObjects/Projectile.h" />
		<Unit filename="include/GameObjects/SkyBox.h" />
		<Unit filename="include/GameObjects/StaticObject.h" />
		<Unit filename="include/GameObjects/Weapon.h" />
		<Unit filename="include/GameState.h" />
		<Unit filename="include/MenuState.h" />
		<Unit filename="include/Models/Armature.hpp" />
		<Unit filename="include/Models/MD5AnimUtilities.h" />
		<Unit filename="include/Models/MD5CommonUtilities.h" />
		<Unit filename="include/Models/MD5GLBufferUtilities.hpp" />
		<Unit filename="include/Models/MD5MeshUtilities.h" />
		<Unit filename="include/Models/OBJGLBufferUtilities.hpp" />
		<Unit filename="include/Models/tinyobjloader/tiny_obj_loader.h" />
		<Unit filename="include/Shader.h" />
		<Unit filename="include/System.h" />
		<Unit filename="include/Utilities/SplitString.h" />
		<Unit filename="include/Utilities/TextToTexture.h" />
		<Unit filename="include/VectorMath/quaternion_math.h" />
		<Unit filename="include/boundary.h" />
		<Unit filename="src/GameObjects/Billboard.cpp" />
		<Unit filename="src/GameObjects/Bullet.cpp" />
		<Unit filename="src/GameObjects/Camera.cpp" />
		<Unit filename="src/GameObjects/Character.cpp" />
		<Unit filename="src/GameObjects/GameObject.cpp" />
		<Unit filename="src/GameObjects/Particle.cpp" />
		<Unit filename="src/GameObjects/ParticleSource.cpp" />
		<Unit filename="src/GameObjects/Projectile.cpp" />
		<Unit filename="src/GameObjects/SkyBox.cpp" />
		<Unit filename="src/GameObjects/StaticObject.cpp" />
		<Unit filename="src/GameObjects/Weapon.cpp" />
		<Unit filename="src/GameState.cpp" />
		<Unit filename="src/Menu/MenuState.cpp" />
		<Unit filename="src/Models/Armature.cpp" />
		<Unit filename="src/Models/MD5AnimUtilities.c">
			<Option compilerVar="CC" />
		</Unit>
		<Unit filename="src/Models/MD5CommonUtilities.c">
			<Option compilerVar="CC" />
		</Unit>
		<Unit filename="src/Models/MD5GLBufferUtilities.cpp" />
		<Unit filename="src/Models/MD5MeshUtilities.c">
			<Option compilerVar="CC" />
		</Unit>
		<Unit filename="src/Models/OBJGLBufferUtilities.cpp" />
		<Unit filename="src/Models/tinyobjloader/tiny_obj_loader.cc" />
		<Unit filename="src/Shader.cpp" />
		<Unit filename="src/System.cpp" />
		<Unit filename="src/Utilities/SplitString.cpp" />
		<Unit filename="src/Utilities/TextToTexture.cpp" />
		<Unit filename="src/VectorMath/quaternion_math.c">
			<Option compilerVar="CC" />
		</Unit>
		<Unit filename="src/boundary.cpp" />
		<Unit filename="src/main.cpp" />
		<Extensions>
			<code_completion />
			<debugger />
			<envvars />
		</Extensions>
	</Project>
</CodeBlocks_project_file>
