<?xml version="1.0" encoding="UTF-8" standalone="yes" ?>
<CodeBlocks_project_file>
	<FileVersion major="1" minor="6" />
	<Project>
		<Option title="MereEngine" />
		<Option platforms="Unix;" />
		<Option pch_mode="2" />
		<Option compiler="gcc" />
		<Build>
			<Target title="Debug">
				<Option output="bin/Debug/Game" prefix_auto="1" extension_auto="1" />
				<Option object_output="obj/Debug/" />
				<Option type="1" />
				<Option compiler="gcc" />
				<Compiler>
					<Add option="-g" />
				</Compiler>
				<Linker>
					<Add option="-lSDL -lGL -lGLU -lSOIL -lassimp -lSDL_ttf" />
				</Linker>
			</Target>
			<Target title="Release">
				<Option output="Linux/bin/Release/Game" prefix_auto="1" extension_auto="1" />
				<Option object_output="Linux/obj/Release/" />
				<Option type="1" />
				<Option compiler="gcc" />
				<Compiler>
					<Add option="-O2" />
				</Compiler>
				<Linker>
					<Add option="-s" />
				</Linker>
			</Target>
		</Build>
		<Compiler>
			<Add option="-Wall" />
		</Compiler>
		<Unit filename="src/BulletObject.cpp" />
		<Unit filename="src/Camera.cc" />
		<Unit filename="src/Character.cpp" />
		<Unit filename="src/GameObject.cpp" />
		<Unit filename="src/GameObject.h" />
		<Unit filename="src/GameState.cpp" />
		<Unit filename="src/GameState.h" />
		<Unit filename="src/MenuState.cpp" />
		<Unit filename="src/MenuState.h" />
		<Unit filename="src/Particle.cpp" />
		<Unit filename="src/ParticleSource.cpp" />
		<Unit filename="src/ProjectileObject.cpp" />
		<Unit filename="src/Shader.cpp" />
		<Unit filename="src/Shader.h" />
		<Unit filename="src/SkyBox.cpp" />
		<Unit filename="src/StaticObject.cpp" />
		<Unit filename="src/System.cpp" />
		<Unit filename="src/System.h" />
		<Unit filename="src/boundary.cc" />
		<Unit filename="src/boundary.h" />
		<Unit filename="src/main.cpp" />
		<Extensions>
			<code_completion />
			<debugger />
			<envvars />
		</Extensions>
	</Project>
</CodeBlocks_project_file>
